
Microsoft Visual Studio Solution File, Format Version 12.00
Project("{FAE04EC0-301F-11D3-BF4B-00C04F79EFBC}") = "YuKitsune.Configuration.Env", "YuKitsune.Configuration.Env\YuKitsune.Configuration.Env.csproj", "{A2A08AE6-EC76-4ABC-85C9-1BA5E874A8F6}"
EndProject
Project("{FAE04EC0-301F-11D3-BF4B-00C04F79EFBC}") = "YuKitsune.Configuration.Env.Tests", "YuKitsune.Configuration.Env.Tests\YuKitsune.Configuration.Env.Tests.csproj", "{D6D0AAA8-3870-427B-A0F3-3C0D8BADB1BA}"
EndProject
Global
	GlobalSection(SolutionConfigurationPlatforms) = preSolution
		Debug|Any CPU = Debug|Any CPU
		Release|Any CPU = Release|Any CPU
	EndGlobalSection
	GlobalSection(ProjectConfigurationPlatforms) = postSolution
		{A2A08AE6-EC76-4ABC-85C9-1BA5E874A8F6}.Debug|Any CPU.ActiveCfg = Debug|Any CPU
		{A2A08AE6-EC76-4ABC-85C9-1BA5E874A8F6}.Debug|Any CPU.Build.0 = Debug|Any CPU
		{A2A08AE6-EC76-4ABC-85C9-1BA5E874A8F6}.Release|Any CPU.ActiveCfg = Release|Any CPU
		{A2A08AE6-EC76-4ABC-85C9-1BA5E874A8F6}.Release|Any CPU.Build.0 = Release|Any CPU
		{D6D0AAA8-3870-427B-A0F3-3C0D8BADB1BA}.Debug|Any CPU.ActiveCfg = Debug|Any CPU
		{D6D0AAA8-3870-427B-A0F3-3C0D8BADB1BA}.Debug|Any CPU.Build.0 = Debug|Any CPU
		{D6D0AAA8-3870-427B-A0F3-3C0D8BADB1BA}.Release|Any CPU.ActiveCfg = Release|Any CPU
		{D6D0AAA8-3870-427B-A0F3-3C0D8BADB1BA}.Release|Any CPU.Build.0 = Release|Any CPU
	EndGlobalSection
EndGlobal
